
Microsoft Visual Studio Solution File, Format Version 12.00
# Visual Studio Version 17
VisualStudioVersion = 17.7.34031.279
MinimumVisualStudioVersion = 10.0.40219.1
Project("{FAE04EC0-301F-11D3-BF4B-00C04F79EFBC}") = "asetproject2", "asetproject2\asetproject2.csproj", "{D52E60B4-F632-4D03-AE33-E0237BE721DE}"
EndProject
Global
	GlobalSection(SolutionConfigurationPlatforms) = preSolution
		Debug|Any CPU = Debug|Any CPU
		Release|Any CPU = Release|Any CPU
	EndGlobalSection
	GlobalSection(ProjectConfigurationPlatforms) = postSolution
		{D52E60B4-F632-4D03-AE33-E0237BE721DE}.Debug|Any CPU.ActiveCfg = Debug|Any CPU
		{D52E60B4-F632-4D03-AE33-E0237BE721DE}.Debug|Any CPU.Build.0 = Debug|Any CPU
		{D52E60B4-F632-4D03-AE33-E0237BE721DE}.Release|Any CPU.ActiveCfg = Release|Any CPU
		{D52E60B4-F632-4D03-AE33-E0237BE721DE}.Release|Any CPU.Build.0 = Release|Any CPU
	EndGlobalSection
	GlobalSection(SolutionProperties) = preSolution
		HideSolutionNode = FALSE
	EndGlobalSection
	GlobalSection(ExtensibilityGlobals) = postSolution
		SolutionGuid = {984AA504-DB74-405B-9A2C-BEA3E82FDB67}
	EndGlobalSection
EndGlobal
